
Microsoft Visual Studio Solution File, Format Version 12.00
# Visual Studio Version 16
VisualStudioVersion = 16.0.28922.388
MinimumVisualStudioVersion = 10.0.40219.1
Project("{888888A0-9F3D-457C-B088-3A5042F75D52}") = "PythonApplication6", "PythonApplication6.pyproj", "{98D0D01A-05AF-41B4-8F80-3891F9BAF30B}"
EndProject
Global
	GlobalSection(SolutionConfigurationPlatforms) = preSolution
		Debug|Any CPU = Debug|Any CPU
		Release|Any CPU = Release|Any CPU
	EndGlobalSection
	GlobalSection(ProjectConfigurationPlatforms) = postSolution
		{98D0D01A-05AF-41B4-8F80-3891F9BAF30B}.Debug|Any CPU.ActiveCfg = Debug|Any CPU
		{98D0D01A-05AF-41B4-8F80-3891F9BAF30B}.Release|Any CPU.ActiveCfg = Release|Any CPU
	EndGlobalSection
	GlobalSection(SolutionProperties) = preSolution
		HideSolutionNode = FALSE
	EndGlobalSection
	GlobalSection(ExtensibilityGlobals) = postSolution
		SolutionGuid = {AB45D5B4-1063-4B88-8EA4-429D6CC65EDD}
	EndGlobalSection
EndGlobal
